{
  "originHash" : "a21744a677dff981301fce761cf8191e8eaa690fb98fddcd5fc99157fd26447a",
  "pins" : [
    {
      "identity" : "wwhud",
      "kind" : "remoteSourceControl",
      "location" : "https://github.com/William-Weng/WWHUD.git",
      "state" : {
        "revision" : "eb99ab96183c0aba10be35bf747f388ef8c4b50e",
        "version" : "1.3.1"
      }
    },
    {
      "identity" : "wwnetworking",
      "kind" : "remoteSourceControl",
      "location" : "https://github.com/William-Weng/WWNetworking.git",
      "state" : {
        "revision" : "cad6323f8ec5b7fe87ac4c0e820c0529d402e5e1",
        "version" : "1.6.2"
      }
    },
    {
      "identity" : "wwsimplegeminiai",
      "kind" : "remoteSourceControl",
      "location" : "https://github.com/William-Weng/WWSimpleGeminiAI",
      "state" : {
        "revision" : "397b6cf13bff853073ee549f88f9820e45169580",
        "version" : "0.2.2"
      }
    }
  ],
  "version" : 3
}
